PODS:
  - Alamofire (4.8.2)
  - Bond (7.3.3):
    - Differ (~> 1.3)
    - ReactiveKit (~> 3.9)
  - Crashlytics (3.12.0):
    - Fabric (~> 1.9.0)
  - Differ (1.3.0)
  - DynamicJSON (2.0.0)
  - Fabric (1.9.0)
  - FieryCrucible (3.0.1)
  - MarqueeLabel/Swift (3.2.1)
  - NotificationBannerSwift (2.0.1):
    - MarqueeLabel/Swift (~> 3.2.0)
    - SnapKit (~> 4.2.0)
  - ReactiveKit (3.9.7)
  - SnapKit (4.2.0)

DEPENDENCIES:
  - Alamofire
  - Bond
  - Crashlytics
  - DynamicJSON
  - Fabric
  - FieryCrucible
  - NotificationBannerSwift

SPEC REPOS:
  https://github.com/cocoapods/specs.git:
    - Alamofire
    - Bond
    - Crashlytics
    - Differ
    - DynamicJSON
    - Fabric
    - FieryCrucible
    - MarqueeLabel
    - NotificationBannerSwift
    - ReactiveKit
    - SnapKit

SPEC CHECKSUMS:
  Alamofire: ae5c501addb7afdbb13687d7f2f722c78734c2d3
  Bond: 48ffda2418dde1da39bad39495c32a55f3ad23b9
  Crashlytics: 07fb167b1694128c1c9a5a5cc319b0e9c3ca0933
  Differ: 9fcee7602542d7c6484ce05a0faec1c11258ed63
  DynamicJSON: 1ecdda7702e214f6bde11df78a07f9ec6b0ebf92
  Fabric: f988e33c97f08930a413e08123064d2e5f68d655
  FieryCrucible: 066a11813aa50ca2240c79239d85bfab45d23b35
  MarqueeLabel: 2daf039bf916937c8a4c9adfc13577cc5e51b4ce
  NotificationBannerSwift: 007774aa590cc9680647b92b2f217bef5c00c32c
  ReactiveKit: 5f4c440715d671901c382ae6b42ed3337ce4699b
  SnapKit: fe8a619752f3f27075cc9a90244d75c6c3f27e2a

PODFILE CHECKSUM: d832666d5a15b3609d71292ab9c05cb4a6a73763

COCOAPODS: 1.5.3
