// !$*UTF8*$!
{
	archiveVersion = 1;
	classes = {
	};
	objectVersion = 50;
	objects = {

/* Begin PBXBuildFile section */
		42ACAF2B93BAA10B6D92B3B3 /* Pods_piggy_bank.framework in Frameworks */ = {isa = PBXBuildFile; fileRef = BE749E0BC1F4775EA1B3513E /* Pods_piggy_bank.framework */; };
		93C1FEB5220710B700646A92 /* ScreenRouter.swift in Sources */ = {isa = PBXBuildFile; fileRef = 93C1FEB4220710B700646A92 /* ScreenRouter.swift */; };
		93C1FEB72207128700646A92 /* BillsListViewModel.swift in Sources */ = {isa = PBXBuildFile; fileRef = 93C1FEB62207128700646A92 /* BillsListViewModel.swift */; };
		93C1FEB92207130900646A92 /* BaseViewModel.swift in Sources */ = {isa = PBXBuildFile; fileRef = 93C1FEB82207130900646A92 /* BaseViewModel.swift */; };
		93C1FEBC220713AA00646A92 /* ViewModelAssembly.swift in Sources */ = {isa = PBXBuildFile; fileRef = 93C1FEBB220713AA00646A92 /* ViewModelAssembly.swift */; };
		93C1FEBE22071B7400646A92 /* ModelAssembly.swift in Sources */ = {isa = PBXBuildFile; fileRef = 93C1FEBD22071B7400646A92 /* ModelAssembly.swift */; };
		93C1FEC022071C4700646A92 /* ApplicationAssembly.swift in Sources */ = {isa = PBXBuildFile; fileRef = 93C1FEBF22071C4700646A92 /* ApplicationAssembly.swift */; };
		93C1FEC2220722B800646A92 /* BillTableViewCell.xib in Resources */ = {isa = PBXBuildFile; fileRef = 93C1FEC1220722B800646A92 /* BillTableViewCell.xib */; };
		93C1FEC4220722E700646A92 /* BillTableViewCell.swift in Sources */ = {isa = PBXBuildFile; fileRef = 93C1FEC3220722E700646A92 /* BillTableViewCell.swift */; };
		93C1FEC92207275A00646A92 /* RoundedViews.swift in Sources */ = {isa = PBXBuildFile; fileRef = 93C1FEC82207275A00646A92 /* RoundedViews.swift */; };
		93C1FECC2207292A00646A92 /* CTC Splash Rounded-bold.otf in Resources */ = {isa = PBXBuildFile; fileRef = 93C1FECA2207292A00646A92 /* CTC Splash Rounded-bold.otf */; };
		93C1FECD2207292A00646A92 /* CTC Splash Rounded-regular.otf in Resources */ = {isa = PBXBuildFile; fileRef = 93C1FECB2207292A00646A92 /* CTC Splash Rounded-regular.otf */; };
		93C1FED222072B7700646A92 /* UIStoryboard+instantiateVC.swift in Sources */ = {isa = PBXBuildFile; fileRef = 93C1FED122072B7700646A92 /* UIStoryboard+instantiateVC.swift */; };
		93C1FED422072D8700646A92 /* ReusableView.swift in Sources */ = {isa = PBXBuildFile; fileRef = 93C1FED322072D8700646A92 /* ReusableView.swift */; };
		93C1FED6220733BE00646A92 /* View+Extensions.swift in Sources */ = {isa = PBXBuildFile; fileRef = 93C1FED5220733BE00646A92 /* View+Extensions.swift */; };
		93C1FED8220782A700646A92 /* InputBillTitleViewController.swift in Sources */ = {isa = PBXBuildFile; fileRef = 93C1FED7220782A700646A92 /* InputBillTitleViewController.swift */; };
		93C1FEDA220782CB00646A92 /* ComposeBillViewModel.swift in Sources */ = {isa = PBXBuildFile; fileRef = 93C1FED9220782CB00646A92 /* ComposeBillViewModel.swift */; };
		93C1FEDC2207896200646A92 /* EdgedTextField.swift in Sources */ = {isa = PBXBuildFile; fileRef = 93C1FEDB2207896200646A92 /* EdgedTextField.swift */; };
		93C1FEDF2207950E00646A92 /* SelectCurrencyViewController.swift in Sources */ = {isa = PBXBuildFile; fileRef = 93C1FEDE2207950E00646A92 /* SelectCurrencyViewController.swift */; };
		93C1FEE12207951A00646A92 /* InputAmountViewController.swift in Sources */ = {isa = PBXBuildFile; fileRef = 93C1FEE02207951A00646A92 /* InputAmountViewController.swift */; };
		93C1FEE32207952F00646A92 /* ComposeBillPageViewController.swift in Sources */ = {isa = PBXBuildFile; fileRef = 93C1FEE22207952F00646A92 /* ComposeBillPageViewController.swift */; };
		93C1FEE522079E2B00646A92 /* UISearchBar+Extensions.swift in Sources */ = {isa = PBXBuildFile; fileRef = 93C1FEE422079E2B00646A92 /* UISearchBar+Extensions.swift */; };
		93C1FEE92207A15F00646A92 /* UIFont+standard.swift in Sources */ = {isa = PBXBuildFile; fileRef = 93C1FEE82207A15F00646A92 /* UIFont+standard.swift */; };
		93C1FEEB2208C7A400646A92 /* NetworkError.swift in Sources */ = {isa = PBXBuildFile; fileRef = 93C1FEEA2208C7A400646A92 /* NetworkError.swift */; };
		93C1FEED2208CD9400646A92 /* NetworkService+Country.swift in Sources */ = {isa = PBXBuildFile; fileRef = 93C1FEEC2208CD9400646A92 /* NetworkService+Country.swift */; };
		93C1FEF02208D12D00646A92 /* PiggyBank.xcdatamodeld in Sources */ = {isa = PBXBuildFile; fileRef = 93C1FEEE2208D12D00646A92 /* PiggyBank.xcdatamodeld */; };
		93C1FEF22208D24600646A92 /* CoreDataManager.swift in Sources */ = {isa = PBXBuildFile; fileRef = 93C1FEF12208D24600646A92 /* CoreDataManager.swift */; };
		93C1FEF7220A200400646A92 /* CurrencyCollectionViewCell.xib in Resources */ = {isa = PBXBuildFile; fileRef = 93C1FEF6220A200400646A92 /* CurrencyCollectionViewCell.xib */; };
		93C1FEF9220A210100646A92 /* CurrencyCollectionViewCell.swift in Sources */ = {isa = PBXBuildFile; fileRef = 93C1FEF8220A210100646A92 /* CurrencyCollectionViewCell.swift */; };
		93C1FEFB220B618400646A92 /* Currency.swift in Sources */ = {isa = PBXBuildFile; fileRef = 93C1FEFA220B618400646A92 /* Currency.swift */; };
		93F991D822070CF500AA88AF /* AppDelegate.swift in Sources */ = {isa = PBXBuildFile; fileRef = 93F991D722070CF500AA88AF /* AppDelegate.swift */; };
		93F991DA22070CF500AA88AF /* BillsListViewController.swift in Sources */ = {isa = PBXBuildFile; fileRef = 93F991D922070CF500AA88AF /* BillsListViewController.swift */; };
		93F991DD22070CF500AA88AF /* Main.storyboard in Resources */ = {isa = PBXBuildFile; fileRef = 93F991DB22070CF500AA88AF /* Main.storyboard */; };
		93F991DF22070CF600AA88AF /* Assets.xcassets in Resources */ = {isa = PBXBuildFile; fileRef = 93F991DE22070CF600AA88AF /* Assets.xcassets */; };
		93F991E222070CF600AA88AF /* LaunchScreen.storyboard in Resources */ = {isa = PBXBuildFile; fileRef = 93F991E022070CF600AA88AF /* LaunchScreen.storyboard */; };
		93F991F122070E6400AA88AF /* NetworkService.swift in Sources */ = {isa = PBXBuildFile; fileRef = 93F991F022070E6400AA88AF /* NetworkService.swift */; };
/* End PBXBuildFile section */

/* Begin PBXFileReference section */
		2A813D44B9075DED53DB9645 /* Pods-piggy-bank.release.xcconfig */ = {isa = PBXFileReference; includeInIndex = 1; lastKnownFileType = text.xcconfig; name = "Pods-piggy-bank.release.xcconfig"; path = "Pods/Target Support Files/Pods-piggy-bank/Pods-piggy-bank.release.xcconfig"; sourceTree = "<group>"; };
		93C1FEB4220710B700646A92 /* ScreenRouter.swift */ = {isa = PBXFileReference; lastKnownFileType = sourcecode.swift; path = ScreenRouter.swift; sourceTree = "<group>"; };
		93C1FEB62207128700646A92 /* BillsListViewModel.swift */ = {isa = PBXFileReference; lastKnownFileType = sourcecode.swift; path = BillsListViewModel.swift; sourceTree = "<group>"; };
		93C1FEB82207130900646A92 /* BaseViewModel.swift */ = {isa = PBXFileReference; lastKnownFileType = sourcecode.swift; path = BaseViewModel.swift; sourceTree = "<group>"; };
		93C1FEBB220713AA00646A92 /* ViewModelAssembly.swift */ = {isa = PBXFileReference; lastKnownFileType = sourcecode.swift; path = ViewModelAssembly.swift; sourceTree = "<group>"; };
		93C1FEBD22071B7400646A92 /* ModelAssembly.swift */ = {isa = PBXFileReference; lastKnownFileType = sourcecode.swift; path = ModelAssembly.swift; sourceTree = "<group>"; };
		93C1FEBF22071C4700646A92 /* ApplicationAssembly.swift */ = {isa = PBXFileReference; lastKnownFileType = sourcecode.swift; path = ApplicationAssembly.swift; sourceTree = "<group>"; };
		93C1FEC1220722B800646A92 /* BillTableViewCell.xib */ = {isa = PBXFileReference; lastKnownFileType = file.xib; path = BillTableViewCell.xib; sourceTree = "<group>"; };
		93C1FEC3220722E700646A92 /* BillTableViewCell.swift */ = {isa = PBXFileReference; lastKnownFileType = sourcecode.swift; path = BillTableViewCell.swift; sourceTree = "<group>"; };
		93C1FEC82207275A00646A92 /* RoundedViews.swift */ = {isa = PBXFileReference; lastKnownFileType = sourcecode.swift; path = RoundedViews.swift; sourceTree = "<group>"; };
		93C1FECA2207292A00646A92 /* CTC Splash Rounded-bold.otf */ = {isa = PBXFileReference; lastKnownFileType = file; path = "CTC Splash Rounded-bold.otf"; sourceTree = "<group>"; };
		93C1FECB2207292A00646A92 /* CTC Splash Rounded-regular.otf */ = {isa = PBXFileReference; lastKnownFileType = file; path = "CTC Splash Rounded-regular.otf"; sourceTree = "<group>"; };
		93C1FED122072B7700646A92 /* UIStoryboard+instantiateVC.swift */ = {isa = PBXFileReference; lastKnownFileType = sourcecode.swift; path = "UIStoryboard+instantiateVC.swift"; sourceTree = "<group>"; };
		93C1FED322072D8700646A92 /* ReusableView.swift */ = {isa = PBXFileReference; lastKnownFileType = sourcecode.swift; path = ReusableView.swift; sourceTree = "<group>"; };
		93C1FED5220733BE00646A92 /* View+Extensions.swift */ = {isa = PBXFileReference; lastKnownFileType = sourcecode.swift; path = "View+Extensions.swift"; sourceTree = "<group>"; };
		93C1FED7220782A700646A92 /* InputBillTitleViewController.swift */ = {isa = PBXFileReference; lastKnownFileType = sourcecode.swift; path = InputBillTitleViewController.swift; sourceTree = "<group>"; };
		93C1FED9220782CB00646A92 /* ComposeBillViewModel.swift */ = {isa = PBXFileReference; lastKnownFileType = sourcecode.swift; path = ComposeBillViewModel.swift; sourceTree = "<group>"; };
		93C1FEDB2207896200646A92 /* EdgedTextField.swift */ = {isa = PBXFileReference; lastKnownFileType = sourcecode.swift; path = EdgedTextField.swift; sourceTree = "<group>"; };
		93C1FEDE2207950E00646A92 /* SelectCurrencyViewController.swift */ = {isa = PBXFileReference; lastKnownFileType = sourcecode.swift; path = SelectCurrencyViewController.swift; sourceTree = "<group>"; };
		93C1FEE02207951A00646A92 /* InputAmountViewController.swift */ = {isa = PBXFileReference; lastKnownFileType = sourcecode.swift; path = InputAmountViewController.swift; sourceTree = "<group>"; };
		93C1FEE22207952F00646A92 /* ComposeBillPageViewController.swift */ = {isa = PBXFileReference; lastKnownFileType = sourcecode.swift; path = ComposeBillPageViewController.swift; sourceTree = "<group>"; };
		93C1FEE422079E2B00646A92 /* UISearchBar+Extensions.swift */ = {isa = PBXFileReference; lastKnownFileType = sourcecode.swift; path = "UISearchBar+Extensions.swift"; sourceTree = "<group>"; };
		93C1FEE82207A15F00646A92 /* UIFont+standard.swift */ = {isa = PBXFileReference; lastKnownFileType = sourcecode.swift; path = "UIFont+standard.swift"; sourceTree = "<group>"; };
		93C1FEEA2208C7A400646A92 /* NetworkError.swift */ = {isa = PBXFileReference; lastKnownFileType = sourcecode.swift; path = NetworkError.swift; sourceTree = "<group>"; };
		93C1FEEC2208CD9400646A92 /* NetworkService+Country.swift */ = {isa = PBXFileReference; lastKnownFileType = sourcecode.swift; path = "NetworkService+Country.swift"; sourceTree = "<group>"; };
		93C1FEEF2208D12D00646A92 /* PiggyBank.xcdatamodel */ = {isa = PBXFileReference; lastKnownFileType = wrapper.xcdatamodel; path = PiggyBank.xcdatamodel; sourceTree = "<group>"; };
		93C1FEF12208D24600646A92 /* CoreDataManager.swift */ = {isa = PBXFileReference; lastKnownFileType = sourcecode.swift; path = CoreDataManager.swift; sourceTree = "<group>"; };
		93C1FEF6220A200400646A92 /* CurrencyCollectionViewCell.xib */ = {isa = PBXFileReference; lastKnownFileType = file.xib; path = CurrencyCollectionViewCell.xib; sourceTree = "<group>"; };
		93C1FEF8220A210100646A92 /* CurrencyCollectionViewCell.swift */ = {isa = PBXFileReference; lastKnownFileType = sourcecode.swift; path = CurrencyCollectionViewCell.swift; sourceTree = "<group>"; };
		93C1FEFA220B618400646A92 /* Currency.swift */ = {isa = PBXFileReference; lastKnownFileType = sourcecode.swift; path = Currency.swift; sourceTree = "<group>"; };
		93F991D422070CF500AA88AF /* piggy-bank.app */ = {isa = PBXFileReference; explicitFileType = wrapper.application; includeInIndex = 0; path = "piggy-bank.app"; sourceTree = BUILT_PRODUCTS_DIR; };
		93F991D722070CF500AA88AF /* AppDelegate.swift */ = {isa = PBXFileReference; lastKnownFileType = sourcecode.swift; path = AppDelegate.swift; sourceTree = "<group>"; };
		93F991D922070CF500AA88AF /* BillsListViewController.swift */ = {isa = PBXFileReference; lastKnownFileType = sourcecode.swift; path = BillsListViewController.swift; sourceTree = "<group>"; };
		93F991DC22070CF500AA88AF /* Base */ = {isa = PBXFileReference; lastKnownFileType = file.storyboard; name = Base; path = Base.lproj/Main.storyboard; sourceTree = "<group>"; };
		93F991DE22070CF600AA88AF /* Assets.xcassets */ = {isa = PBXFileReference; lastKnownFileType = folder.assetcatalog; path = Assets.xcassets; sourceTree = "<group>"; };
		93F991E122070CF600AA88AF /* Base */ = {isa = PBXFileReference; lastKnownFileType = file.storyboard; name = Base; path = Base.lproj/LaunchScreen.storyboard; sourceTree = "<group>"; };
		93F991E322070CF600AA88AF /* Info.plist */ = {isa = PBXFileReference; lastKnownFileType = text.plist.xml; path = Info.plist; sourceTree = "<group>"; };
		93F991F022070E6400AA88AF /* NetworkService.swift */ = {isa = PBXFileReference; lastKnownFileType = sourcecode.swift; path = NetworkService.swift; sourceTree = "<group>"; };
		9992ADEBDCFBAAC20C1003CD /* Pods-piggy-bank.debug.xcconfig */ = {isa = PBXFileReference; includeInIndex = 1; lastKnownFileType = text.xcconfig; name = "Pods-piggy-bank.debug.xcconfig"; path = "Pods/Target Support Files/Pods-piggy-bank/Pods-piggy-bank.debug.xcconfig"; sourceTree = "<group>"; };
		BE749E0BC1F4775EA1B3513E /* Pods_piggy_bank.framework */ = {isa = PBXFileReference; explicitFileType = wrapper.framework; includeInIndex = 0; path = Pods_piggy_bank.framework; sourceTree = BUILT_PRODUCTS_DIR; };
/* End PBXFileReference section */

/* Begin PBXFrameworksBuildPhase section */
		93F991D122070CF500AA88AF /* Frameworks */ = {
			isa = PBXFrameworksBuildPhase;
			buildActionMask = 2147483647;
			files = (
				42ACAF2B93BAA10B6D92B3B3 /* Pods_piggy_bank.framework in Frameworks */,
			);
			runOnlyForDeploymentPostprocessing = 0;
		};
/* End PBXFrameworksBuildPhase section */

/* Begin PBXGroup section */
		7ED193C69BADC5AF48F478BD /* Frameworks */ = {
			isa = PBXGroup;
			children = (
				BE749E0BC1F4775EA1B3513E /* Pods_piggy_bank.framework */,
			);
			name = Frameworks;
			sourceTree = "<group>";
		};
		93C1FEBA2207139E00646A92 /* Assembly */ = {
			isa = PBXGroup;
			children = (
				93C1FEBB220713AA00646A92 /* ViewModelAssembly.swift */,
				93C1FEBD22071B7400646A92 /* ModelAssembly.swift */,
				93C1FEBF22071C4700646A92 /* ApplicationAssembly.swift */,
			);
			path = Assembly;
			sourceTree = "<group>";
		};
		93C1FEC72207274A00646A92 /* Helpers */ = {
			isa = PBXGroup;
			children = (
				93C1FEC82207275A00646A92 /* RoundedViews.swift */,
				93C1FED122072B7700646A92 /* UIStoryboard+instantiateVC.swift */,
				93C1FED322072D8700646A92 /* ReusableView.swift */,
				93C1FED5220733BE00646A92 /* View+Extensions.swift */,
				93C1FEDB2207896200646A92 /* EdgedTextField.swift */,
				93C1FEE422079E2B00646A92 /* UISearchBar+Extensions.swift */,
				93C1FEE82207A15F00646A92 /* UIFont+standard.swift */,
			);
			path = Helpers;
			sourceTree = "<group>";
		};
		93C1FECE2207292F00646A92 /* Fonts */ = {
			isa = PBXGroup;
			children = (
				93C1FECA2207292A00646A92 /* CTC Splash Rounded-bold.otf */,
				93C1FECB2207292A00646A92 /* CTC Splash Rounded-regular.otf */,
			);
			path = Fonts;
			sourceTree = "<group>";
		};
		93C1FEDD220794B100646A92 /* ComposeBill */ = {
			isa = PBXGroup;
			children = (
				93C1FEE22207952F00646A92 /* ComposeBillPageViewController.swift */,
				93C1FED7220782A700646A92 /* InputBillTitleViewController.swift */,
				93C1FEDE2207950E00646A92 /* SelectCurrencyViewController.swift */,
				93C1FEE02207951A00646A92 /* InputAmountViewController.swift */,
			);
			path = ComposeBill;
			sourceTree = "<group>";
		};
		93C1FEF5220A1FE800646A92 /* Cells */ = {
			isa = PBXGroup;
			children = (
				93C1FEC1220722B800646A92 /* BillTableViewCell.xib */,
				93C1FEF6220A200400646A92 /* CurrencyCollectionViewCell.xib */,
			);
			path = Cells;
			sourceTree = "<group>";
		};
		93F991CB22070CF500AA88AF = {
			isa = PBXGroup;
			children = (
				93F991D622070CF500AA88AF /* piggy-bank */,
				93F991D522070CF500AA88AF /* Products */,
				BD10A500A104A9440934AA2B /* Pods */,
				7ED193C69BADC5AF48F478BD /* Frameworks */,
			);
			sourceTree = "<group>";
		};
		93F991D522070CF500AA88AF /* Products */ = {
			isa = PBXGroup;
			children = (
				93F991D422070CF500AA88AF /* piggy-bank.app */,
			);
			name = Products;
			sourceTree = "<group>";
		};
		93F991D622070CF500AA88AF /* piggy-bank */ = {
			isa = PBXGroup;
			children = (
				93C1FEBA2207139E00646A92 /* Assembly */,
				93F991EA22070E0E00AA88AF /* Model */,
				93F991EC22070E1E00AA88AF /* ViewModel */,
				93F991E922070DFB00AA88AF /* View */,
				93F991EE22070E2B00AA88AF /* NetworkService */,
				93C1FEC72207274A00646A92 /* Helpers */,
				93F991ED22070E2400AA88AF /* Resources */,
				93C1FEB4220710B700646A92 /* ScreenRouter.swift */,
				93F991D722070CF500AA88AF /* AppDelegate.swift */,
			);
			path = "piggy-bank";
			sourceTree = "<group>";
		};
		93F991E922070DFB00AA88AF /* View */ = {
			isa = PBXGroup;
			children = (
				93F991D922070CF500AA88AF /* BillsListViewController.swift */,
				93C1FEC3220722E700646A92 /* BillTableViewCell.swift */,
				93C1FEDD220794B100646A92 /* ComposeBill */,
				93C1FEF8220A210100646A92 /* CurrencyCollectionViewCell.swift */,
			);
			path = View;
			sourceTree = "<group>";
		};
		93F991EA22070E0E00AA88AF /* Model */ = {
			isa = PBXGroup;
			children = (
				93C1FEEE2208D12D00646A92 /* PiggyBank.xcdatamodeld */,
				93C1FEF12208D24600646A92 /* CoreDataManager.swift */,
				93C1FEFA220B618400646A92 /* Currency.swift */,
			);
			path = Model;
			sourceTree = "<group>";
		};
		93F991EC22070E1E00AA88AF /* ViewModel */ = {
			isa = PBXGroup;
			children = (
				93C1FEB62207128700646A92 /* BillsListViewModel.swift */,
				93C1FEB82207130900646A92 /* BaseViewModel.swift */,
				93C1FED9220782CB00646A92 /* ComposeBillViewModel.swift */,
			);
			path = ViewModel;
			sourceTree = "<group>";
		};
		93F991ED22070E2400AA88AF /* Resources */ = {
			isa = PBXGroup;
			children = (
				93C1FECE2207292F00646A92 /* Fonts */,
				93F991EF22070E4700AA88AF /* Storyboards */,
				93C1FEF5220A1FE800646A92 /* Cells */,
				93F991DE22070CF600AA88AF /* Assets.xcassets */,
				93F991E322070CF600AA88AF /* Info.plist */,
			);
			path = Resources;
			sourceTree = "<group>";
		};
		93F991EE22070E2B00AA88AF /* NetworkService */ = {
			isa = PBXGroup;
			children = (
				93F991F022070E6400AA88AF /* NetworkService.swift */,
				93C1FEEA2208C7A400646A92 /* NetworkError.swift */,
				93C1FEEC2208CD9400646A92 /* NetworkService+Country.swift */,
			);
			path = NetworkService;
			sourceTree = "<group>";
		};
		93F991EF22070E4700AA88AF /* Storyboards */ = {
			isa = PBXGroup;
			children = (
				93F991DB22070CF500AA88AF /* Main.storyboard */,
				93F991E022070CF600AA88AF /* LaunchScreen.storyboard */,
			);
			path = Storyboards;
			sourceTree = "<group>";
		};
		BD10A500A104A9440934AA2B /* Pods */ = {
			isa = PBXGroup;
			children = (
				9992ADEBDCFBAAC20C1003CD /* Pods-piggy-bank.debug.xcconfig */,
				2A813D44B9075DED53DB9645 /* Pods-piggy-bank.release.xcconfig */,
			);
			name = Pods;
			sourceTree = "<group>";
		};
/* End PBXGroup section */

/* Begin PBXNativeTarget section */
		93F991D322070CF500AA88AF /* piggy-bank */ = {
			isa = PBXNativeTarget;
			buildConfigurationList = 93F991E622070CF600AA88AF /* Build configuration list for PBXNativeTarget "piggy-bank" */;
			buildPhases = (
				D2B07B433027E12E43EEFD69 /* [CP] Check Pods Manifest.lock */,
				93F991D022070CF500AA88AF /* Sources */,
				93F991D122070CF500AA88AF /* Frameworks */,
				93F991D222070CF500AA88AF /* Resources */,
				10E0274A03B62540E5AEAF2A /* [CP] Embed Pods Frameworks */,
			);
			buildRules = (
			);
			dependencies = (
			);
			name = "piggy-bank";
			productName = "piggy-bank";
			productReference = 93F991D422070CF500AA88AF /* piggy-bank.app */;
			productType = "com.apple.product-type.application";
		};
/* End PBXNativeTarget section */

/* Begin PBXProject section */
		93F991CC22070CF500AA88AF /* Project object */ = {
			isa = PBXProject;
			attributes = {
				LastSwiftUpdateCheck = 1010;
				LastUpgradeCheck = 1010;
				ORGANIZATIONNAME = "Nikita Gayko";
				TargetAttributes = {
					93F991D322070CF500AA88AF = {
						CreatedOnToolsVersion = 10.1;
					};
				};
			};
			buildConfigurationList = 93F991CF22070CF500AA88AF /* Build configuration list for PBXProject "piggy-bank" */;
			compatibilityVersion = "Xcode 9.3";
			developmentRegion = en;
			hasScannedForEncodings = 0;
			knownRegions = (
				en,
				Base,
			);
			mainGroup = 93F991CB22070CF500AA88AF;
			productRefGroup = 93F991D522070CF500AA88AF /* Products */;
			projectDirPath = "";
			projectRoot = "";
			targets = (
				93F991D322070CF500AA88AF /* piggy-bank */,
			);
		};
/* End PBXProject section */

/* Begin PBXResourcesBuildPhase section */
		93F991D222070CF500AA88AF /* Resources */ = {
			isa = PBXResourcesBuildPhase;
			buildActionMask = 2147483647;
			files = (
				93C1FEC2220722B800646A92 /* BillTableViewCell.xib in Resources */,
				93F991E222070CF600AA88AF /* LaunchScreen.storyboard in Resources */,
				93C1FECC2207292A00646A92 /* CTC Splash Rounded-bold.otf in Resources */,
				93F991DF22070CF600AA88AF /* Assets.xcassets in Resources */,
				93C1FECD2207292A00646A92 /* CTC Splash Rounded-regular.otf in Resources */,
				93F991DD22070CF500AA88AF /* Main.storyboard in Resources */,
				93C1FEF7220A200400646A92 /* CurrencyCollectionViewCell.xib in Resources */,
			);
			runOnlyForDeploymentPostprocessing = 0;
		};
/* End PBXResourcesBuildPhase section */

/* Begin PBXShellScriptBuildPhase section */
		10E0274A03B62540E5AEAF2A /* [CP] Embed Pods Frameworks */ = {
			isa = PBXShellScriptBuildPhase;
			buildActionMask = 2147483647;
			files = (
			);
			inputFileListPaths = (
			);
			inputPaths = (
				"${SRCROOT}/Pods/Target Support Files/Pods-piggy-bank/Pods-piggy-bank-frameworks.sh",
				"${BUILT_PRODUCTS_DIR}/Alamofire/Alamofire.framework",
				"${BUILT_PRODUCTS_DIR}/Bond/Bond.framework",
				"${BUILT_PRODUCTS_DIR}/Differ/Differ.framework",
				"${BUILT_PRODUCTS_DIR}/DynamicJSON/DynamicJSON.framework",
				"${BUILT_PRODUCTS_DIR}/FieryCrucible/FieryCrucible.framework",
				"${BUILT_PRODUCTS_DIR}/ReactiveKit/ReactiveKit.framework",
			);
			name = "[CP] Embed Pods Frameworks";
			outputFileListPaths = (
			);
			outputPaths = (
				"${TARGET_BUILD_DIR}/${FRAMEWORKS_FOLDER_PATH}/Alamofire.framework",
				"${TARGET_BUILD_DIR}/${FRAMEWORKS_FOLDER_PATH}/Bond.framework",
				"${TARGET_BUILD_DIR}/${FRAMEWORKS_FOLDER_PATH}/Differ.framework",
				"${TARGET_BUILD_DIR}/${FRAMEWORKS_FOLDER_PATH}/DynamicJSON.framework",
				"${TARGET_BUILD_DIR}/${FRAMEWORKS_FOLDER_PATH}/FieryCrucible.framework",
				"${TARGET_BUILD_DIR}/${FRAMEWORKS_FOLDER_PATH}/ReactiveKit.framework",
			);
			runOnlyForDeploymentPostprocessing = 0;
			shellPath = /bin/sh;
			shellScript = "\"${SRCROOT}/Pods/Target Support Files/Pods-piggy-bank/Pods-piggy-bank-frameworks.sh\"\n";
			showEnvVarsInLog = 0;
		};
		D2B07B433027E12E43EEFD69 /* [CP] Check Pods Manifest.lock */ = {
			isa = PBXShellScriptBuildPhase;
			buildActionMask = 2147483647;
			files = (
			);
			inputFileListPaths = (
			);
			inputPaths = (
				"${PODS_PODFILE_DIR_PATH}/Podfile.lock",
				"${PODS_ROOT}/Manifest.lock",
			);
			name = "[CP] Check Pods Manifest.lock";
			outputFileListPaths = (
			);
			outputPaths = (
				"$(DERIVED_FILE_DIR)/Pods-piggy-bank-checkManifestLockResult.txt",
			);
			runOnlyForDeploymentPostprocessing = 0;
			shellPath = /bin/sh;
			shellScript = "diff \"${PODS_PODFILE_DIR_PATH}/Podfile.lock\" \"${PODS_ROOT}/Manifest.lock\" > /dev/null\nif [ $? != 0 ] ; then\n    # print error to STDERR\n    echo \"error: The sandbox is not in sync with the Podfile.lock. Run 'pod install' or update your CocoaPods installation.\" >&2\n    exit 1\nfi\n# This output is used by Xcode 'outputs' to avoid re-running this script phase.\necho \"SUCCESS\" > \"${SCRIPT_OUTPUT_FILE_0}\"\n";
			showEnvVarsInLog = 0;
		};
/* End PBXShellScriptBuildPhase section */

/* Begin PBXSourcesBuildPhase section */
		93F991D022070CF500AA88AF /* Sources */ = {
			isa = PBXSourcesBuildPhase;
			buildActionMask = 2147483647;
			files = (
				93C1FEE12207951A00646A92 /* InputAmountViewController.swift in Sources */,
				93C1FEC92207275A00646A92 /* RoundedViews.swift in Sources */,
				93F991DA22070CF500AA88AF /* BillsListViewController.swift in Sources */,
				93F991F122070E6400AA88AF /* NetworkService.swift in Sources */,
				93C1FED222072B7700646A92 /* UIStoryboard+instantiateVC.swift in Sources */,
				93C1FEF22208D24600646A92 /* CoreDataManager.swift in Sources */,
				93C1FED6220733BE00646A92 /* View+Extensions.swift in Sources */,
				93C1FEDC2207896200646A92 /* EdgedTextField.swift in Sources */,
				93C1FED422072D8700646A92 /* ReusableView.swift in Sources */,
				93C1FEF02208D12D00646A92 /* PiggyBank.xcdatamodeld in Sources */,
				93C1FEE92207A15F00646A92 /* UIFont+standard.swift in Sources */,
				93C1FEBC220713AA00646A92 /* ViewModelAssembly.swift in Sources */,
				93C1FEFB220B618400646A92 /* Currency.swift in Sources */,
				93C1FEE32207952F00646A92 /* ComposeBillPageViewController.swift in Sources */,
				93C1FEB5220710B700646A92 /* ScreenRouter.swift in Sources */,
				93C1FED8220782A700646A92 /* InputBillTitleViewController.swift in Sources */,
				93C1FEF9220A210100646A92 /* CurrencyCollectionViewCell.swift in Sources */,
				93C1FEC4220722E700646A92 /* BillTableViewCell.swift in Sources */,
				93F991D822070CF500AA88AF /* AppDelegate.swift in Sources */,
				93C1FEB72207128700646A92 /* BillsListViewModel.swift in Sources */,
				93C1FEDF2207950E00646A92 /* SelectCurrencyViewController.swift in Sources */,
				93C1FEEB2208C7A400646A92 /* NetworkError.swift in Sources */,
				93C1FEB92207130900646A92 /* BaseViewModel.swift in Sources */,
				93C1FEC022071C4700646A92 /* ApplicationAssembly.swift in Sources */,
				93C1FEE522079E2B00646A92 /* UISearchBar+Extensions.swift in Sources */,
				93C1FEED2208CD9400646A92 /* NetworkService+Country.swift in Sources */,
				93C1FEDA220782CB00646A92 /* ComposeBillViewModel.swift in Sources */,
				93C1FEBE22071B7400646A92 /* ModelAssembly.swift in Sources */,
			);
			runOnlyForDeploymentPostprocessing = 0;
		};
/* End PBXSourcesBuildPhase section */

/* Begin PBXVariantGroup section */
		93F991DB22070CF500AA88AF /* Main.storyboard */ = {
			isa = PBXVariantGroup;
			children = (
				93F991DC22070CF500AA88AF /* Base */,
			);
			name = Main.storyboard;
			sourceTree = "<group>";
		};
		93F991E022070CF600AA88AF /* LaunchScreen.storyboard */ = {
			isa = PBXVariantGroup;
			children = (
				93F991E122070CF600AA88AF /* Base */,
			);
			name = LaunchScreen.storyboard;
			sourceTree = "<group>";
		};
/* End PBXVariantGroup section */

/* Begin XCBuildConfiguration section */
		93F991E422070CF600AA88AF /* Debug */ = {
			isa = XCBuildConfiguration;
			buildSettings = {
				ALWAYS_SEARCH_USER_PATHS = NO;
				CLANG_ANALYZER_NONNULL = YES;
				CLANG_ANALYZER_NUMBER_OBJECT_CONVERSION = YES_AGGRESSIVE;
				CLANG_CXX_LANGUAGE_STANDARD = "gnu++14";
				CLANG_CXX_LIBRARY = "libc++";
				CLANG_ENABLE_MODULES = YES;
				CLANG_ENABLE_OBJC_ARC = YES;
				CLANG_ENABLE_OBJC_WEAK = YES;
				CLANG_WARN_BLOCK_CAPTURE_AUTORELEASING = YES;
				CLANG_WARN_BOOL_CONVERSION = YES;
				CLANG_WARN_COMMA = YES;
				CLANG_WARN_CONSTANT_CONVERSION = YES;
				CLANG_WARN_DEPRECATED_OBJC_IMPLEMENTATIONS = YES;
				CLANG_WARN_DIRECT_OBJC_ISA_USAGE = YES_ERROR;
				CLANG_WARN_DOCUMENTATION_COMMENTS = YES;
				CLANG_WARN_EMPTY_BODY = YES;
				CLANG_WARN_ENUM_CONVERSION = YES;
				CLANG_WARN_INFINITE_RECURSION = YES;
				CLANG_WARN_INT_CONVERSION = YES;
				CLANG_WARN_NON_LITERAL_NULL_CONVERSION = YES;
				CLANG_WARN_OBJC_IMPLICIT_RETAIN_SELF = YES;
				CLANG_WARN_OBJC_LITERAL_CONVERSION = YES;
				CLANG_WARN_OBJC_ROOT_CLASS = YES_ERROR;
				CLANG_WARN_RANGE_LOOP_ANALYSIS = YES;
				CLANG_WARN_STRICT_PROTOTYPES = YES;
				CLANG_WARN_SUSPICIOUS_MOVE = YES;
				CLANG_WARN_UNGUARDED_AVAILABILITY = YES_AGGRESSIVE;
				CLANG_WARN_UNREACHABLE_CODE = YES;
				CLANG_WARN__DUPLICATE_METHOD_MATCH = YES;
				CODE_SIGN_IDENTITY = "iPhone Developer";
				COPY_PHASE_STRIP = NO;
				DEBUG_INFORMATION_FORMAT = dwarf;
				ENABLE_STRICT_OBJC_MSGSEND = YES;
				ENABLE_TESTABILITY = YES;
				GCC_C_LANGUAGE_STANDARD = gnu11;
				GCC_DYNAMIC_NO_PIC = NO;
				GCC_NO_COMMON_BLOCKS = YES;
				GCC_OPTIMIZATION_LEVEL = 0;
				GCC_PREPROCESSOR_DEFINITIONS = (
					"DEBUG=1",
					"$(inherited)",
				);
				GCC_WARN_64_TO_32_BIT_CONVERSION = YES;
				GCC_WARN_ABOUT_RETURN_TYPE = YES_ERROR;
				GCC_WARN_UNDECLARED_SELECTOR = YES;
				GCC_WARN_UNINITIALIZED_AUTOS = YES_AGGRESSIVE;
				GCC_WARN_UNUSED_FUNCTION = YES;
				GCC_WARN_UNUSED_VARIABLE = YES;
				IPHONEOS_DEPLOYMENT_TARGET = 12.1;
				MTL_ENABLE_DEBUG_INFO = INCLUDE_SOURCE;
				MTL_FAST_MATH = YES;
				ONLY_ACTIVE_ARCH = YES;
				SDKROOT = iphoneos;
				SWIFT_ACTIVE_COMPILATION_CONDITIONS = DEBUG;
				SWIFT_OPTIMIZATION_LEVEL = "-Onone";
			};
			name = Debug;
		};
		93F991E522070CF600AA88AF /* Release */ = {
			isa = XCBuildConfiguration;
			buildSettings = {
				ALWAYS_SEARCH_USER_PATHS = NO;
				CLANG_ANALYZER_NONNULL = YES;
				CLANG_ANALYZER_NUMBER_OBJECT_CONVERSION = YES_AGGRESSIVE;
				CLANG_CXX_LANGUAGE_STANDARD = "gnu++14";
				CLANG_CXX_LIBRARY = "libc++";
				CLANG_ENABLE_MODULES = YES;
				CLANG_ENABLE_OBJC_ARC = YES;
				CLANG_ENABLE_OBJC_WEAK = YES;
				CLANG_WARN_BLOCK_CAPTURE_AUTORELEASING = YES;
				CLANG_WARN_BOOL_CONVERSION = YES;
				CLANG_WARN_COMMA = YES;
				CLANG_WARN_CONSTANT_CONVERSION = YES;
				CLANG_WARN_DEPRECATED_OBJC_IMPLEMENTATIONS = YES;
				CLANG_WARN_DIRECT_OBJC_ISA_USAGE = YES_ERROR;
				CLANG_WARN_DOCUMENTATION_COMMENTS = YES;
				CLANG_WARN_EMPTY_BODY = YES;
				CLANG_WARN_ENUM_CONVERSION = YES;
				CLANG_WARN_INFINITE_RECURSION = YES;
				CLANG_WARN_INT_CONVERSION = YES;
				CLANG_WARN_NON_LITERAL_NULL_CONVERSION = YES;
				CLANG_WARN_OBJC_IMPLICIT_RETAIN_SELF = YES;
				CLANG_WARN_OBJC_LITERAL_CONVERSION = YES;
				CLANG_WARN_OBJC_ROOT_CLASS = YES_ERROR;
				CLANG_WARN_RANGE_LOOP_ANALYSIS = YES;
				CLANG_WARN_STRICT_PROTOTYPES = YES;
				CLANG_WARN_SUSPICIOUS_MOVE = YES;
				CLANG_WARN_UNGUARDED_AVAILABILITY = YES_AGGRESSIVE;
				CLANG_WARN_UNREACHABLE_CODE = YES;
				CLANG_WARN__DUPLICATE_METHOD_MATCH = YES;
				CODE_SIGN_IDENTITY = "iPhone Developer";
				COPY_PHASE_STRIP = NO;
				DEBUG_INFORMATION_FORMAT = "dwarf-with-dsym";
				ENABLE_NS_ASSERTIONS = NO;
				ENABLE_STRICT_OBJC_MSGSEND = YES;
				GCC_C_LANGUAGE_STANDARD = gnu11;
				GCC_NO_COMMON_BLOCKS = YES;
				GCC_WARN_64_TO_32_BIT_CONVERSION = YES;
				GCC_WARN_ABOUT_RETURN_TYPE = YES_ERROR;
				GCC_WARN_UNDECLARED_SELECTOR = YES;
				GCC_WARN_UNINITIALIZED_AUTOS = YES_AGGRESSIVE;
				GCC_WARN_UNUSED_FUNCTION = YES;
				GCC_WARN_UNUSED_VARIABLE = YES;
				IPHONEOS_DEPLOYMENT_TARGET = 12.1;
				MTL_ENABLE_DEBUG_INFO = NO;
				MTL_FAST_MATH = YES;
				SDKROOT = iphoneos;
				SWIFT_COMPILATION_MODE = wholemodule;
				SWIFT_OPTIMIZATION_LEVEL = "-O";
				VALIDATE_PRODUCT = YES;
			};
			name = Release;
		};
		93F991E722070CF600AA88AF /* Debug */ = {
			isa = XCBuildConfiguration;
			baseConfigurationReference = 9992ADEBDCFBAAC20C1003CD /* Pods-piggy-bank.debug.xcconfig */;
			buildSettings = {
				ASSETCATALOG_COMPILER_APPICON_NAME = AppIcon;
				CODE_SIGN_STYLE = Automatic;
				DEVELOPMENT_TEAM = 2N2SWT747N;
				INFOPLIST_FILE = "$(SRCROOT)/piggy-bank/Resources/Info.plist";
				LD_RUNPATH_SEARCH_PATHS = (
					"$(inherited)",
					"@executable_path/Frameworks",
				);
				PRODUCT_BUNDLE_IDENTIFIER = "com.gayko.nikita.piggy-bank";
				PRODUCT_NAME = "$(TARGET_NAME)";
				SWIFT_VERSION = 4.2;
				TARGETED_DEVICE_FAMILY = 1;
			};
			name = Debug;
		};
		93F991E822070CF600AA88AF /* Release */ = {
			isa = XCBuildConfiguration;
			baseConfigurationReference = 2A813D44B9075DED53DB9645 /* Pods-piggy-bank.release.xcconfig */;
			buildSettings = {
				ASSETCATALOG_COMPILER_APPICON_NAME = AppIcon;
				CODE_SIGN_STYLE = Automatic;
				DEVELOPMENT_TEAM = 2N2SWT747N;
				INFOPLIST_FILE = "$(SRCROOT)/piggy-bank/Resources/Info.plist";
				LD_RUNPATH_SEARCH_PATHS = (
					"$(inherited)",
					"@executable_path/Frameworks",
				);
				PRODUCT_BUNDLE_IDENTIFIER = "com.gayko.nikita.piggy-bank";
				PRODUCT_NAME = "$(TARGET_NAME)";
				SWIFT_VERSION = 4.2;
				TARGETED_DEVICE_FAMILY = 1;
			};
			name = Release;
		};
/* End XCBuildConfiguration section */

/* Begin XCConfigurationList section */
		93F991CF22070CF500AA88AF /* Build configuration list for PBXProject "piggy-bank" */ = {
			isa = XCConfigurationList;
			buildConfigurations = (
				93F991E422070CF600AA88AF /* Debug */,
				93F991E522070CF600AA88AF /* Release */,
			);
			defaultConfigurationIsVisible = 0;
			defaultConfigurationName = Release;
		};
		93F991E622070CF600AA88AF /* Build configuration list for PBXNativeTarget "piggy-bank" */ = {
			isa = XCConfigurationList;
			buildConfigurations = (
				93F991E722070CF600AA88AF /* Debug */,
				93F991E822070CF600AA88AF /* Release */,
			);
			defaultConfigurationIsVisible = 0;
			defaultConfigurationName = Release;
		};
/* End XCConfigurationList section */

/* Begin XCVersionGroup section */
		93C1FEEE2208D12D00646A92 /* PiggyBank.xcdatamodeld */ = {
			isa = XCVersionGroup;
			children = (
				93C1FEEF2208D12D00646A92 /* PiggyBank.xcdatamodel */,
			);
			currentVersion = 93C1FEEF2208D12D00646A92 /* PiggyBank.xcdatamodel */;
			path = PiggyBank.xcdatamodeld;
			sourceTree = "<group>";
			versionGroupType = wrapper.xcdatamodel;
		};
/* End XCVersionGroup section */
	};
	rootObject = 93F991CC22070CF500AA88AF /* Project object */;
}
